Microsoft Visual Studio Solution File, Format Version 12.00
# Visual Studio 2012
Project("{FAE04EC0-301F-11D3-BF4B-00C04F79EFBC}") = "Godot-Asteroids", "Godot-Asteroids.csproj", "{58CEA8DB-FBE4-4939-8BAC-E2EA5E1EC802}"
EndProject
Global
	GlobalSection(SolutionConfigurationPlatforms) = preSolution
	Debug|Any CPU = Debug|Any CPU
	Release|Any CPU = Release|Any CPU
	Tools|Any CPU = Tools|Any CPU
	EndGlobalSection
	GlobalSection(ProjectConfigurationPlatforms) = postSolution
		{58CEA8DB-FBE4-4939-8BAC-E2EA5E1EC802}.Debug|Any CPU.ActiveCfg = Debug|Any CPU
		{58CEA8DB-FBE4-4939-8BAC-E2EA5E1EC802}.Debug|Any CPU.Build.0 = Debug|Any CPU
		{58CEA8DB-FBE4-4939-8BAC-E2EA5E1EC802}.Release|Any CPU.ActiveCfg = Release|Any CPU
		{58CEA8DB-FBE4-4939-8BAC-E2EA5E1EC802}.Release|Any CPU.Build.0 = Release|Any CPU
		{58CEA8DB-FBE4-4939-8BAC-E2EA5E1EC802}.Tools|Any CPU.ActiveCfg = Tools|Any CPU
		{58CEA8DB-FBE4-4939-8BAC-E2EA5E1EC802}.Tools|Any CPU.Build.0 = Tools|Any CPU
	EndGlobalSection
EndGlobal
